
Microsoft Visual Studio Solution File, Format Version 12.00
# Visual Studio 2012
Project("{FAE04EC0-301F-11D3-BF4B-00C04F79EFBC}") = "GitCursus", "GitCursus\GitCursus.csproj", "{70F6C0BB-2A73-4C7F-886F-DC9173E982DE}"
EndProject
Global
	GlobalSection(SolutionConfigurationPlatforms) = preSolution
		Debug|Any CPU = Debug|Any CPU
		Release|Any CPU = Release|Any CPU
	EndGlobalSection
	GlobalSection(ProjectConfigurationPlatforms) = postSolution
		{70F6C0BB-2A73-4C7F-886F-DC9173E982DE}.Debug|Any CPU.ActiveCfg = Debug|Any CPU
		{70F6C0BB-2A73-4C7F-886F-DC9173E982DE}.Debug|Any CPU.Build.0 = Debug|Any CPU
		{70F6C0BB-2A73-4C7F-886F-DC9173E982DE}.Release|Any CPU.ActiveCfg = Release|Any CPU
		{70F6C0BB-2A73-4C7F-886F-DC9173E982DE}.Release|Any CPU.Build.0 = Release|Any CPU
	EndGlobalSection
	GlobalSection(SolutionProperties) = preSolution
		HideSolutionNode = FALSE
	EndGlobalSection
EndGlobal
